
Microsoft Visual Studio Solution File, Format Version 12.00
# Visual Studio Version 17
VisualStudioVersion = 17.7.34221.43
MinimumVisualStudioVersion = 10.0.40219.1
Project("{FAE04EC0-301F-11D3-BF4B-00C04F79EFBC}") = "tapsirig14", "tapsirig14\tapsirig14.csproj", "{B2550D21-F0D7-46E0-B99C-4AB804870478}"
EndProject
Global
	GlobalSection(SolutionConfigurationPlatforms) = preSolution
		Debug|Any CPU = Debug|Any CPU
		Release|Any CPU = Release|Any CPU
	EndGlobalSection
	GlobalSection(ProjectConfigurationPlatforms) = postSolution
		{B2550D21-F0D7-46E0-B99C-4AB804870478}.Debug|Any CPU.ActiveCfg = Debug|Any CPU
		{B2550D21-F0D7-46E0-B99C-4AB804870478}.Debug|Any CPU.Build.0 = Debug|Any CPU
		{B2550D21-F0D7-46E0-B99C-4AB804870478}.Release|Any CPU.ActiveCfg = Release|Any CPU
		{B2550D21-F0D7-46E0-B99C-4AB804870478}.Release|Any CPU.Build.0 = Release|Any CPU
	EndGlobalSection
	GlobalSection(SolutionProperties) = preSolution
		HideSolutionNode = FALSE
	EndGlobalSection
	GlobalSection(ExtensibilityGlobals) = postSolution
		SolutionGuid = {5E15FE13-4CF4-49F8-9ECC-9B6990732126}
	EndGlobalSection
EndGlobal
